// !$*UTF8*$!
{
	archiveVersion = 1;
	classes = {
	};
	objectVersion = 51;
	objects = {

/* Begin PBXBuildFile section */
		3760B720AD34A8E13CB61D4A /* Pods_MovieApp.framework in Frameworks */ = {isa = PBXBuildFile; fileRef = 4CD6AA4DB8B2CC65B8C9926A /* Pods_MovieApp.framework */; };
		B8459B7023E2D6720021CEEC /* RatingsView.swift in Sources */ = {isa = PBXBuildFile; fileRef = B8459B6F23E2D6720021CEEC /* RatingsView.swift */; };
		B8459B7423E2DCD10021CEEC /* RatingsView.xib in Resources */ = {isa = PBXBuildFile; fileRef = B8459B7323E2DCD10021CEEC /* RatingsView.xib */; };
		B848D80D23E1CE430062B080 /* MoviesItemTableViewCell.swift in Sources */ = {isa = PBXBuildFile; fileRef = B848D80B23E1CE430062B080 /* MoviesItemTableViewCell.swift */; };
		B848D80E23E1CE430062B080 /* MoviesItemTableViewCell.xib in Resources */ = {isa = PBXBuildFile; fileRef = B848D80C23E1CE430062B080 /* MoviesItemTableViewCell.xib */; };
		B848D81123E1D5280062B080 /* EndPoint.swift in Sources */ = {isa = PBXBuildFile; fileRef = B848D81023E1D5280062B080 /* EndPoint.swift */; };
		B848D81323E1D9510062B080 /* APIError.swift in Sources */ = {isa = PBXBuildFile; fileRef = B848D81223E1D9510062B080 /* APIError.swift */; };
		B848D81523E1D96D0062B080 /* Result.swift in Sources */ = {isa = PBXBuildFile; fileRef = B848D81423E1D96D0062B080 /* Result.swift */; };
		B848D81723E1DF490062B080 /* MovieFeeds.swift in Sources */ = {isa = PBXBuildFile; fileRef = B848D81623E1DF490062B080 /* MovieFeeds.swift */; };
		B848D81923E1E1840062B080 /* APIClient.swift in Sources */ = {isa = PBXBuildFile; fileRef = B848D81823E1E1840062B080 /* APIClient.swift */; };
		B848D81B23E1E7740062B080 /* MovieClient.swift in Sources */ = {isa = PBXBuildFile; fileRef = B848D81A23E1E7740062B080 /* MovieClient.swift */; };
		B848D81D23E1EF570062B080 /* APIServices.swift in Sources */ = {isa = PBXBuildFile; fileRef = B848D81C23E1EF570062B080 /* APIServices.swift */; };
		B848D81F23E1F1E70062B080 /* MoviesItemViewModel.swift in Sources */ = {isa = PBXBuildFile; fileRef = B848D81E23E1F1E70062B080 /* MoviesItemViewModel.swift */; };
		B84B92B223E482660092A6C2 /* MovieDetailsViewModel.swift in Sources */ = {isa = PBXBuildFile; fileRef = B84B92B123E482660092A6C2 /* MovieDetailsViewModel.swift */; };
		B87924F323E595C200730767 /* MovieFeedsHandler.swift in Sources */ = {isa = PBXBuildFile; fileRef = B87924F223E595C200730767 /* MovieFeedsHandler.swift */; };
		B8B0099723E50C9C008DD4A4 /* MovieCastModel.swift in Sources */ = {isa = PBXBuildFile; fileRef = B8B0099623E50C9C008DD4A4 /* MovieCastModel.swift */; };
		B8D8EB2C23E2F98500E42AD8 /* MovieDetailsModel.swift in Sources */ = {isa = PBXBuildFile; fileRef = B8D8EB2B23E2F98500E42AD8 /* MovieDetailsModel.swift */; };
		B8D8EB2E23E2FF7A00E42AD8 /* MovieDetailsViewController.swift in Sources */ = {isa = PBXBuildFile; fileRef = B8D8EB2D23E2FF7A00E42AD8 /* MovieDetailsViewController.swift */; };
		B8DFE17623E498630030F23E /* MovieCastCollectionViewCell.swift in Sources */ = {isa = PBXBuildFile; fileRef = B8DFE17423E498630030F23E /* MovieCastCollectionViewCell.swift */; };
		B8DFE17723E498630030F23E /* MovieCastCollectionViewCell.xib in Resources */ = {isa = PBXBuildFile; fileRef = B8DFE17523E498630030F23E /* MovieCastCollectionViewCell.xib */; };
		B8EC722223E1AE5C00C161D3 /* AppDelegate.swift in Sources */ = {isa = PBXBuildFile; fileRef = B8EC722123E1AE5C00C161D3 /* AppDelegate.swift */; };
		B8EC722423E1AE5C00C161D3 /* SceneDelegate.swift in Sources */ = {isa = PBXBuildFile; fileRef = B8EC722323E1AE5C00C161D3 /* SceneDelegate.swift */; };
		B8EC722623E1AE5C00C161D3 /* MoviesListViewController.swift in Sources */ = {isa = PBXBuildFile; fileRef = B8EC722523E1AE5C00C161D3 /* MoviesListViewController.swift */; };
		B8EC722923E1AE5C00C161D3 /* Main.storyboard in Resources */ = {isa = PBXBuildFile; fileRef = B8EC722723E1AE5C00C161D3 /* Main.storyboard */; };
		B8EC722B23E1AE5D00C161D3 /* Assets.xcassets in Resources */ = {isa = PBXBuildFile; fileRef = B8EC722A23E1AE5D00C161D3 /* Assets.xcassets */; };
		B8EC722E23E1AE5D00C161D3 /* LaunchScreen.storyboard in Resources */ = {isa = PBXBuildFile; fileRef = B8EC722C23E1AE5D00C161D3 /* LaunchScreen.storyboard */; };
		B8EC723923E1AE5E00C161D3 /* MovieAppTests.swift in Sources */ = {isa = PBXBuildFile; fileRef = B8EC723823E1AE5E00C161D3 /* MovieAppTests.swift */; };
		B8EC724423E1AE5E00C161D3 /* MovieAppUITests.swift in Sources */ = {isa = PBXBuildFile; fileRef = B8EC724323E1AE5E00C161D3 /* MovieAppUITests.swift */; };
		B8EC725523E1B32D00C161D3 /* MoviesListViewModel.swift in Sources */ = {isa = PBXBuildFile; fileRef = B8EC725423E1B32D00C161D3 /* MoviesListViewModel.swift */; };
		B8EC725723E1B39C00C161D3 /* MoviesResultModel.swift in Sources */ = {isa = PBXBuildFile; fileRef = B8EC725623E1B39C00C161D3 /* MoviesResultModel.swift */; };
		B8EC725923E1B3AF00C161D3 /* MovieModel.swift in Sources */ = {isa = PBXBuildFile; fileRef = B8EC725823E1B3AF00C161D3 /* MovieModel.swift */; };
/* End PBXBuildFile section */

/* Begin PBXContainerItemProxy section */
		B8EC723523E1AE5E00C161D3 /* PBXContainerItemProxy */ = {
			isa = PBXContainerItemProxy;
			containerPortal = B8EC721623E1AE5C00C161D3 /* Project object */;
			proxyType = 1;
			remoteGlobalIDString = B8EC721D23E1AE5C00C161D3;
			remoteInfo = MovieApp;
		};
		B8EC724023E1AE5E00C161D3 /* PBXContainerItemProxy */ = {
			isa = PBXContainerItemProxy;
			containerPortal = B8EC721623E1AE5C00C161D3 /* Project object */;
			proxyType = 1;
			remoteGlobalIDString = B8EC721D23E1AE5C00C161D3;
			remoteInfo = MovieApp;
		};
/* End PBXContainerItemProxy section */

/* Begin PBXFileReference section */
		4CD6AA4DB8B2CC65B8C9926A /* Pods_MovieApp.framework */ = {isa = PBXFileReference; explicitFileType = wrapper.framework; includeInIndex = 0; path = Pods_MovieApp.framework; sourceTree = BUILT_PRODUCTS_DIR; };
		4D411FDA78BE048DAF6B1488 /* Pods-MovieApp.debug.xcconfig */ = {isa = PBXFileReference; includeInIndex = 1; lastKnownFileType = text.xcconfig; name = "Pods-MovieApp.debug.xcconfig"; path = "Target Support Files/Pods-MovieApp/Pods-MovieApp.debug.xcconfig"; sourceTree = "<group>"; };
		B8459B6F23E2D6720021CEEC /* RatingsView.swift */ = {isa = PBXFileReference; lastKnownFileType = sourcecode.swift; path = RatingsView.swift; sourceTree = "<group>"; };
		B8459B7323E2DCD10021CEEC /* RatingsView.xib */ = {isa = PBXFileReference; lastKnownFileType = file.xib; path = RatingsView.xib; sourceTree = "<group>"; };
		B848D80B23E1CE430062B080 /* MoviesItemTableViewCell.swift */ = {isa = PBXFileReference; lastKnownFileType = sourcecode.swift; path = MoviesItemTableViewCell.swift; sourceTree = "<group>"; };
		B848D80C23E1CE430062B080 /* MoviesItemTableViewCell.xib */ = {isa = PBXFileReference; lastKnownFileType = file.xib; path = MoviesItemTableViewCell.xib; sourceTree = "<group>"; };
		B848D81023E1D5280062B080 /* EndPoint.swift */ = {isa = PBXFileReference; lastKnownFileType = sourcecode.swift; path = EndPoint.swift; sourceTree = "<group>"; };
		B848D81223E1D9510062B080 /* APIError.swift */ = {isa = PBXFileReference; lastKnownFileType = sourcecode.swift; path = APIError.swift; sourceTree = "<group>"; };
		B848D81423E1D96D0062B080 /* Result.swift */ = {isa = PBXFileReference; lastKnownFileType = sourcecode.swift; path = Result.swift; sourceTree = "<group>"; };
		B848D81623E1DF490062B080 /* MovieFeeds.swift */ = {isa = PBXFileReference; lastKnownFileType = sourcecode.swift; path = MovieFeeds.swift; sourceTree = "<group>"; };
		B848D81823E1E1840062B080 /* APIClient.swift */ = {isa = PBXFileReference; lastKnownFileType = sourcecode.swift; path = APIClient.swift; sourceTree = "<group>"; };
		B848D81A23E1E7740062B080 /* MovieClient.swift */ = {isa = PBXFileReference; lastKnownFileType = sourcecode.swift; path = MovieClient.swift; sourceTree = "<group>"; };
		B848D81C23E1EF570062B080 /* APIServices.swift */ = {isa = PBXFileReference; lastKnownFileType = sourcecode.swift; path = APIServices.swift; sourceTree = "<group>"; };
		B848D81E23E1F1E70062B080 /* MoviesItemViewModel.swift */ = {isa = PBXFileReference; lastKnownFileType = sourcecode.swift; path = MoviesItemViewModel.swift; sourceTree = "<group>"; };
		B84B92B123E482660092A6C2 /* MovieDetailsViewModel.swift */ = {isa = PBXFileReference; lastKnownFileType = sourcecode.swift; path = MovieDetailsViewModel.swift; sourceTree = "<group>"; };
		B87924F223E595C200730767 /* MovieFeedsHandler.swift */ = {isa = PBXFileReference; lastKnownFileType = sourcecode.swift; path = MovieFeedsHandler.swift; sourceTree = "<group>"; };
		B8B0099623E50C9C008DD4A4 /* MovieCastModel.swift */ = {isa = PBXFileReference; lastKnownFileType = sourcecode.swift; path = MovieCastModel.swift; sourceTree = "<group>"; };
		B8D8EB2B23E2F98500E42AD8 /* MovieDetailsModel.swift */ = {isa = PBXFileReference; lastKnownFileType = sourcecode.swift; path = MovieDetailsModel.swift; sourceTree = "<group>"; };
		B8D8EB2D23E2FF7A00E42AD8 /* MovieDetailsViewController.swift */ = {isa = PBXFileReference; lastKnownFileType = sourcecode.swift; path = MovieDetailsViewController.swift; sourceTree = "<group>"; };
		B8DFE17423E498630030F23E /* MovieCastCollectionViewCell.swift */ = {isa = PBXFileReference; lastKnownFileType = sourcecode.swift; path = MovieCastCollectionViewCell.swift; sourceTree = "<group>"; };
		B8DFE17523E498630030F23E /* MovieCastCollectionViewCell.xib */ = {isa = PBXFileReference; lastKnownFileType = file.xib; path = MovieCastCollectionViewCell.xib; sourceTree = "<group>"; };
		B8EC721E23E1AE5C00C161D3 /* MovieApp.app */ = {isa = PBXFileReference; explicitFileType = wrapper.application; includeInIndex = 0; path = MovieApp.app; sourceTree = BUILT_PRODUCTS_DIR; };
		B8EC722123E1AE5C00C161D3 /* AppDelegate.swift */ = {isa = PBXFileReference; lastKnownFileType = sourcecode.swift; path = AppDelegate.swift; sourceTree = "<group>"; };
		B8EC722323E1AE5C00C161D3 /* SceneDelegate.swift */ = {isa = PBXFileReference; lastKnownFileType = sourcecode.swift; path = SceneDelegate.swift; sourceTree = "<group>"; };
		B8EC722523E1AE5C00C161D3 /* MoviesListViewController.swift */ = {isa = PBXFileReference; lastKnownFileType = sourcecode.swift; path = MoviesListViewController.swift; sourceTree = "<group>"; };
		B8EC722823E1AE5C00C161D3 /* Base */ = {isa = PBXFileReference; lastKnownFileType = file.storyboard; name = Base; path = Base.lproj/Main.storyboard; sourceTree = "<group>"; };
		B8EC722A23E1AE5D00C161D3 /* Assets.xcassets */ = {isa = PBXFileReference; lastKnownFileType = folder.assetcatalog; path = Assets.xcassets; sourceTree = "<group>"; };
		B8EC722D23E1AE5D00C161D3 /* Base */ = {isa = PBXFileReference; lastKnownFileType = file.storyboard; name = Base; path = Base.lproj/LaunchScreen.storyboard; sourceTree = "<group>"; };
		B8EC722F23E1AE5D00C161D3 /* Info.plist */ = {isa = PBXFileReference; lastKnownFileType = text.plist.xml; path = Info.plist; sourceTree = "<group>"; };
		B8EC723423E1AE5E00C161D3 /* MovieAppTests.xctest */ = {isa = PBXFileReference; explicitFileType = wrapper.cfbundle; includeInIndex = 0; path = MovieAppTests.xctest; sourceTree = BUILT_PRODUCTS_DIR; };
		B8EC723823E1AE5E00C161D3 /* MovieAppTests.swift */ = {isa = PBXFileReference; lastKnownFileType = sourcecode.swift; path = MovieAppTests.swift; sourceTree = "<group>"; };
		B8EC723A23E1AE5E00C161D3 /* Info.plist */ = {isa = PBXFileReference; lastKnownFileType = text.plist.xml; path = Info.plist; sourceTree = "<group>"; };
		B8EC723F23E1AE5E00C161D3 /* MovieAppUITests.xctest */ = {isa = PBXFileReference; explicitFileType = wrapper.cfbundle; includeInIndex = 0; path = MovieAppUITests.xctest; sourceTree = BUILT_PRODUCTS_DIR; };
		B8EC724323E1AE5E00C161D3 /* MovieAppUITests.swift */ = {isa = PBXFileReference; lastKnownFileType = sourcecode.swift; path = MovieAppUITests.swift; sourceTree = "<group>"; };
		B8EC724523E1AE5E00C161D3 /* Info.plist */ = {isa = PBXFileReference; lastKnownFileType = text.plist.xml; path = Info.plist; sourceTree = "<group>"; };
		B8EC725423E1B32D00C161D3 /* MoviesListViewModel.swift */ = {isa = PBXFileReference; lastKnownFileType = sourcecode.swift; path = MoviesListViewModel.swift; sourceTree = "<group>"; };
		B8EC725623E1B39C00C161D3 /* MoviesResultModel.swift */ = {isa = PBXFileReference; lastKnownFileType = sourcecode.swift; path = MoviesResultModel.swift; sourceTree = "<group>"; };
		B8EC725823E1B3AF00C161D3 /* MovieModel.swift */ = {isa = PBXFileReference; lastKnownFileType = sourcecode.swift; path = MovieModel.swift; sourceTree = "<group>"; };
		ED4EC785542BE9DDD8DED96B /* Pods-MovieApp.release.xcconfig */ = {isa = PBXFileReference; includeInIndex = 1; lastKnownFileType = text.xcconfig; name = "Pods-MovieApp.release.xcconfig"; path = "Target Support Files/Pods-MovieApp/Pods-MovieApp.release.xcconfig"; sourceTree = "<group>"; };
/* End PBXFileReference section */

/* Begin PBXFrameworksBuildPhase section */
		B8EC721B23E1AE5C00C161D3 /* Frameworks */ = {
			isa = PBXFrameworksBuildPhase;
			buildActionMask = 2147483647;
			files = (
				3760B720AD34A8E13CB61D4A /* Pods_MovieApp.framework in Frameworks */,
			);
			runOnlyForDeploymentPostprocessing = 0;
		};
		B8EC723123E1AE5E00C161D3 /* Frameworks */ = {
			isa = PBXFrameworksBuildPhase;
			buildActionMask = 2147483647;
			files = (
			);
			runOnlyForDeploymentPostprocessing = 0;
		};
		B8EC723C23E1AE5E00C161D3 /* Frameworks */ = {
			isa = PBXFrameworksBuildPhase;
			buildActionMask = 2147483647;
			files = (
			);
			runOnlyForDeploymentPostprocessing = 0;
		};
/* End PBXFrameworksBuildPhase section */

/* Begin PBXGroup section */
		6678658B962CA7D972174046 /* Frameworks */ = {
			isa = PBXGroup;
			children = (
				4CD6AA4DB8B2CC65B8C9926A /* Pods_MovieApp.framework */,
			);
			name = Frameworks;
			sourceTree = "<group>";
		};
		B8459B6E23E2D6410021CEEC /* Controller */ = {
			isa = PBXGroup;
			children = (
				B8EC722523E1AE5C00C161D3 /* MoviesListViewController.swift */,
				B8D8EB2D23E2FF7A00E42AD8 /* MovieDetailsViewController.swift */,
			);
			path = Controller;
			sourceTree = "<group>";
		};
		B848D80F23E1D4FB0062B080 /* Networking */ = {
			isa = PBXGroup;
			children = (
				B848D81023E1D5280062B080 /* EndPoint.swift */,
				B848D81223E1D9510062B080 /* APIError.swift */,
				B848D81423E1D96D0062B080 /* Result.swift */,
				B848D81623E1DF490062B080 /* MovieFeeds.swift */,
				B848D81823E1E1840062B080 /* APIClient.swift */,
				B848D81A23E1E7740062B080 /* MovieClient.swift */,
				B848D81C23E1EF570062B080 /* APIServices.swift */,
			);
			path = Networking;
			sourceTree = "<group>";
		};
		B87924F123E5959100730767 /* Utility */ = {
			isa = PBXGroup;
			children = (
				B87924F223E595C200730767 /* MovieFeedsHandler.swift */,
			);
			path = Utility;
			sourceTree = "<group>";
		};
		B8EC721523E1AE5C00C161D3 = {
			isa = PBXGroup;
			children = (
				B8EC722023E1AE5C00C161D3 /* MovieApp */,
				B8EC723723E1AE5E00C161D3 /* MovieAppTests */,
				B8EC724223E1AE5E00C161D3 /* MovieAppUITests */,
				B8EC721F23E1AE5C00C161D3 /* Products */,
				F6B790A7C9C94602C6F288F7 /* Pods */,
				6678658B962CA7D972174046 /* Frameworks */,
			);
			sourceTree = "<group>";
		};
		B8EC721F23E1AE5C00C161D3 /* Products */ = {
			isa = PBXGroup;
			children = (
				B8EC721E23E1AE5C00C161D3 /* MovieApp.app */,
				B8EC723423E1AE5E00C161D3 /* MovieAppTests.xctest */,
				B8EC723F23E1AE5E00C161D3 /* MovieAppUITests.xctest */,
			);
			name = Products;
			sourceTree = "<group>";
		};
		B8EC722023E1AE5C00C161D3 /* MovieApp */ = {
			isa = PBXGroup;
			children = (
				B8EC722123E1AE5C00C161D3 /* AppDelegate.swift */,
				B8EC722323E1AE5C00C161D3 /* SceneDelegate.swift */,
				B87924F123E5959100730767 /* Utility */,
				B848D80F23E1D4FB0062B080 /* Networking */,
				B8EC725323E1B31300C161D3 /* ViewModel */,
				B8EC725223E1B30B00C161D3 /* Model */,
				B8459B6E23E2D6410021CEEC /* Controller */,
				B8EC725123E1B2FB00C161D3 /* View */,
				B8EC722723E1AE5C00C161D3 /* Main.storyboard */,
				B8EC722A23E1AE5D00C161D3 /* Assets.xcassets */,
				B8EC722C23E1AE5D00C161D3 /* LaunchScreen.storyboard */,
				B8EC722F23E1AE5D00C161D3 /* Info.plist */,
			);
			path = MovieApp;
			sourceTree = "<group>";
		};
		B8EC723723E1AE5E00C161D3 /* MovieAppTests */ = {
			isa = PBXGroup;
			children = (
				B8EC723823E1AE5E00C161D3 /* MovieAppTests.swift */,
				B8EC723A23E1AE5E00C161D3 /* Info.plist */,
			);
			path = MovieAppTests;
			sourceTree = "<group>";
		};
		B8EC724223E1AE5E00C161D3 /* MovieAppUITests */ = {
			isa = PBXGroup;
			children = (
				B8EC724323E1AE5E00C161D3 /* MovieAppUITests.swift */,
				B8EC724523E1AE5E00C161D3 /* Info.plist */,
			);
			path = MovieAppUITests;
			sourceTree = "<group>";
		};
		B8EC725123E1B2FB00C161D3 /* View */ = {
			isa = PBXGroup;
			children = (
				B848D80B23E1CE430062B080 /* MoviesItemTableViewCell.swift */,
				B848D80C23E1CE430062B080 /* MoviesItemTableViewCell.xib */,
				B8459B6F23E2D6720021CEEC /* RatingsView.swift */,
				B8459B7323E2DCD10021CEEC /* RatingsView.xib */,
				B8DFE17423E498630030F23E /* MovieCastCollectionViewCell.swift */,
				B8DFE17523E498630030F23E /* MovieCastCollectionViewCell.xib */,
			);
			path = View;
			sourceTree = "<group>";
		};
		B8EC725223E1B30B00C161D3 /* Model */ = {
			isa = PBXGroup;
			children = (
				B8EC725623E1B39C00C161D3 /* MoviesResultModel.swift */,
				B8EC725823E1B3AF00C161D3 /* MovieModel.swift */,
				B8D8EB2B23E2F98500E42AD8 /* MovieDetailsModel.swift */,
				B8B0099623E50C9C008DD4A4 /* MovieCastModel.swift */,
			);
			path = Model;
			sourceTree = "<group>";
		};
		B8EC725323E1B31300C161D3 /* ViewModel */ = {
			isa = PBXGroup;
			children = (
				B8EC725423E1B32D00C161D3 /* MoviesListViewModel.swift */,
				B848D81E23E1F1E70062B080 /* MoviesItemViewModel.swift */,
				B84B92B123E482660092A6C2 /* MovieDetailsViewModel.swift */,
			);
			path = ViewModel;
			sourceTree = "<group>";
		};
		F6B790A7C9C94602C6F288F7 /* Pods */ = {
			isa = PBXGroup;
			children = (
				4D411FDA78BE048DAF6B1488 /* Pods-MovieApp.debug.xcconfig */,
				ED4EC785542BE9DDD8DED96B /* Pods-MovieApp.release.xcconfig */,
			);
			path = Pods;
			sourceTree = "<group>";
		};
/* End PBXGroup section */

/* Begin PBXNativeTarget section */
		B8EC721D23E1AE5C00C161D3 /* MovieApp */ = {
			isa = PBXNativeTarget;
			buildConfigurationList = B8EC724823E1AE5E00C161D3 /* Build configuration list for PBXNativeTarget "MovieApp" */;
			buildPhases = (
				6F83354C986D0F40DCF675BD /* [CP] Check Pods Manifest.lock */,
				B8EC721A23E1AE5C00C161D3 /* Sources */,
				B8EC721B23E1AE5C00C161D3 /* Frameworks */,
				B8EC721C23E1AE5C00C161D3 /* Resources */,
				2E71182ACFA6E41E1E94A40F /* [CP] Embed Pods Frameworks */,
			);
			buildRules = (
			);
			dependencies = (
			);
			name = MovieApp;
			productName = MovieApp;
			productReference = B8EC721E23E1AE5C00C161D3 /* MovieApp.app */;
			productType = "com.apple.product-type.application";
		};
		B8EC723323E1AE5E00C161D3 /* MovieAppTests */ = {
			isa = PBXNativeTarget;
			buildConfigurationList = B8EC724B23E1AE5E00C161D3 /* Build configuration list for PBXNativeTarget "MovieAppTests" */;
			buildPhases = (
				B8EC723023E1AE5E00C161D3 /* Sources */,
				B8EC723123E1AE5E00C161D3 /* Frameworks */,
				B8EC723223E1AE5E00C161D3 /* Resources */,
			);
			buildRules = (
			);
			dependencies = (
				B8EC723623E1AE5E00C161D3 /* PBXTargetDependency */,
			);
			name = MovieAppTests;
			productName = MovieAppTests;
			productReference = B8EC723423E1AE5E00C161D3 /* MovieAppTests.xctest */;
			productType = "com.apple.product-type.bundle.unit-test";
		};
		B8EC723E23E1AE5E00C161D3 /* MovieAppUITests */ = {
			isa = PBXNativeTarget;
			buildConfigurationList = B8EC724E23E1AE5E00C161D3 /* Build configuration list for PBXNativeTarget "MovieAppUITests" */;
			buildPhases = (
				B8EC723B23E1AE5E00C161D3 /* Sources */,
				B8EC723C23E1AE5E00C161D3 /* Frameworks */,
				B8EC723D23E1AE5E00C161D3 /* Resources */,
			);
			buildRules = (
			);
			dependencies = (
				B8EC724123E1AE5E00C161D3 /* PBXTargetDependency */,
			);
			name = MovieAppUITests;
			productName = MovieAppUITests;
			productReference = B8EC723F23E1AE5E00C161D3 /* MovieAppUITests.xctest */;
			productType = "com.apple.product-type.bundle.ui-testing";
		};
/* End PBXNativeTarget section */

/* Begin PBXProject section */
		B8EC721623E1AE5C00C161D3 /* Project object */ = {
			isa = PBXProject;
			attributes = {
				LastSwiftUpdateCheck = 1110;
				LastUpgradeCheck = 1110;
				ORGANIZATIONNAME = "Arun Jayasree Kumar";
				TargetAttributes = {
					B8EC721D23E1AE5C00C161D3 = {
						CreatedOnToolsVersion = 11.1;
					};
					B8EC723323E1AE5E00C161D3 = {
						CreatedOnToolsVersion = 11.1;
						TestTargetID = B8EC721D23E1AE5C00C161D3;
					};
					B8EC723E23E1AE5E00C161D3 = {
						CreatedOnToolsVersion = 11.1;
						TestTargetID = B8EC721D23E1AE5C00C161D3;
					};
				};
			};
			buildConfigurationList = B8EC721923E1AE5C00C161D3 /* Build configuration list for PBXProject "MovieApp" */;
			compatibilityVersion = "Xcode 9.3";
			developmentRegion = en;
			hasScannedForEncodings = 0;
			knownRegions = (
				en,
				Base,
			);
			mainGroup = B8EC721523E1AE5C00C161D3;
			productRefGroup = B8EC721F23E1AE5C00C161D3 /* Products */;
			projectDirPath = "";
			projectRoot = "";
			targets = (
				B8EC721D23E1AE5C00C161D3 /* MovieApp */,
				B8EC723323E1AE5E00C161D3 /* MovieAppTests */,
				B8EC723E23E1AE5E00C161D3 /* MovieAppUITests */,
			);
		};
/* End PBXProject section */

/* Begin PBXResourcesBuildPhase section */
		B8EC721C23E1AE5C00C161D3 /* Resources */ = {
			isa = PBXResourcesBuildPhase;
			buildActionMask = 2147483647;
			files = (
				B8EC722E23E1AE5D00C161D3 /* LaunchScreen.storyboard in Resources */,
				B848D80E23E1CE430062B080 /* MoviesItemTableViewCell.xib in Resources */,
				B8DFE17723E498630030F23E /* MovieCastCollectionViewCell.xib in Resources */,
				B8EC722B23E1AE5D00C161D3 /* Assets.xcassets in Resources */,
				B8459B7423E2DCD10021CEEC /* RatingsView.xib in Resources */,
				B8EC722923E1AE5C00C161D3 /* Main.storyboard in Resources */,
			);
			runOnlyForDeploymentPostprocessing = 0;
		};
		B8EC723223E1AE5E00C161D3 /* Resources */ = {
			isa = PBXResourcesBuildPhase;
			buildActionMask = 2147483647;
			files = (
			);
			runOnlyForDeploymentPostprocessing = 0;
		};
		B8EC723D23E1AE5E00C161D3 /* Resources */ = {
			isa = PBXResourcesBuildPhase;
			buildActionMask = 2147483647;
			files = (
			);
			runOnlyForDeploymentPostprocessing = 0;
		};
/* End PBXResourcesBuildPhase section */

/* Begin PBXShellScriptBuildPhase section */
		2E71182ACFA6E41E1E94A40F /* [CP] Embed Pods Frameworks */ = {
			isa = PBXShellScriptBuildPhase;
			buildActionMask = 2147483647;
			files = (
			);
			inputFileListPaths = (
				"${PODS_ROOT}/Target Support Files/Pods-MovieApp/Pods-MovieApp-frameworks-${CONFIGURATION}-input-files.xcfilelist",
			);
			name = "[CP] Embed Pods Frameworks";
			outputFileListPaths = (
				"${PODS_ROOT}/Target Support Files/Pods-MovieApp/Pods-MovieApp-frameworks-${CONFIGURATION}-output-files.xcfilelist",
			);
			runOnlyForDeploymentPostprocessing = 0;
			shellPath = /bin/sh;
			shellScript = "\"${PODS_ROOT}/Target Support Files/Pods-MovieApp/Pods-MovieApp-frameworks.sh\"\n";
			showEnvVarsInLog = 0;
		};
		6F83354C986D0F40DCF675BD /* [CP] Check Pods Manifest.lock */ = {
			isa = PBXShellScriptBuildPhase;
			buildActionMask = 2147483647;
			files = (
			);
			inputFileListPaths = (
			);
			inputPaths = (
				"${PODS_PODFILE_DIR_PATH}/Podfile.lock",
				"${PODS_ROOT}/Manifest.lock",
			);
			name = "[CP] Check Pods Manifest.lock";
			outputFileListPaths = (
			);
			outputPaths = (
				"$(DERIVED_FILE_DIR)/Pods-MovieApp-checkManifestLockResult.txt",
			);
			runOnlyForDeploymentPostprocessing = 0;
			shellPath = /bin/sh;
			shellScript = "diff \"${PODS_PODFILE_DIR_PATH}/Podfile.lock\" \"${PODS_ROOT}/Manifest.lock\" > /dev/null\nif [ $? != 0 ] ; then\n    # print error to STDERR\n    echo \"error: The sandbox is not in sync with the Podfile.lock. Run 'pod install' or update your CocoaPods installation.\" >&2\n    exit 1\nfi\n# This output is used by Xcode 'outputs' to avoid re-running this script phase.\necho \"SUCCESS\" > \"${SCRIPT_OUTPUT_FILE_0}\"\n";
			showEnvVarsInLog = 0;
		};
/* End PBXShellScriptBuildPhase section */

/* Begin PBXSourcesBuildPhase section */
		B8EC721A23E1AE5C00C161D3 /* Sources */ = {
			isa = PBXSourcesBuildPhase;
			buildActionMask = 2147483647;
			files = (
				B848D80D23E1CE430062B080 /* MoviesItemTableViewCell.swift in Sources */,
				B8EC725923E1B3AF00C161D3 /* MovieModel.swift in Sources */,
				B8D8EB2E23E2FF7A00E42AD8 /* MovieDetailsViewController.swift in Sources */,
				B848D81F23E1F1E70062B080 /* MoviesItemViewModel.swift in Sources */,
				B848D81123E1D5280062B080 /* EndPoint.swift in Sources */,
				B8D8EB2C23E2F98500E42AD8 /* MovieDetailsModel.swift in Sources */,
				B84B92B223E482660092A6C2 /* MovieDetailsViewModel.swift in Sources */,
				B8EC722623E1AE5C00C161D3 /* MoviesListViewController.swift in Sources */,
				B8EC725723E1B39C00C161D3 /* MoviesResultModel.swift in Sources */,
				B8EC722223E1AE5C00C161D3 /* AppDelegate.swift in Sources */,
				B848D81723E1DF490062B080 /* MovieFeeds.swift in Sources */,
				B848D81523E1D96D0062B080 /* Result.swift in Sources */,
				B8EC722423E1AE5C00C161D3 /* SceneDelegate.swift in Sources */,
				B8EC725523E1B32D00C161D3 /* MoviesListViewModel.swift in Sources */,
				B8DFE17623E498630030F23E /* MovieCastCollectionViewCell.swift in Sources */,
				B848D81323E1D9510062B080 /* APIError.swift in Sources */,
				B848D81B23E1E7740062B080 /* MovieClient.swift in Sources */,
				B87924F323E595C200730767 /* MovieFeedsHandler.swift in Sources */,
				B848D81D23E1EF570062B080 /* APIServices.swift in Sources */,
				B8B0099723E50C9C008DD4A4 /* MovieCastModel.swift in Sources */,
				B848D81923E1E1840062B080 /* APIClient.swift in Sources */,
				B8459B7023E2D6720021CEEC /* RatingsView.swift in Sources */,
			);
			runOnlyForDeploymentPostprocessing = 0;
		};
		B8EC723023E1AE5E00C161D3 /* Sources */ = {
			isa = PBXSourcesBuildPhase;
			buildActionMask = 2147483647;
			files = (
				B8EC723923E1AE5E00C161D3 /* MovieAppTests.swift in Sources */,
			);
			runOnlyForDeploymentPostprocessing = 0;
		};
		B8EC723B23E1AE5E00C161D3 /* Sources */ = {
			isa = PBXSourcesBuildPhase;
			buildActionMask = 2147483647;
			files = (
				B8EC724423E1AE5E00C161D3 /* MovieAppUITests.swift in Sources */,
			);
			runOnlyForDeploymentPostprocessing = 0;
		};
/* End PBXSourcesBuildPhase section */

/* Begin PBXTargetDependency section */
		B8EC723623E1AE5E00C161D3 /* PBXTargetDependency */ = {
			isa = PBXTargetDependency;
			target = B8EC721D23E1AE5C00C161D3 /* MovieApp */;
			targetProxy = B8EC723523E1AE5E00C161D3 /* PBXContainerItemProxy */;
		};
		B8EC724123E1AE5E00C161D3 /* PBXTargetDependency */ = {
			isa = PBXTargetDependency;
			target = B8EC721D23E1AE5C00C161D3 /* MovieApp */;
			targetProxy = B8EC724023E1AE5E00C161D3 /* PBXContainerItemProxy */;
		};
/* End PBXTargetDependency section */

/* Begin PBXVariantGroup section */
		B8EC722723E1AE5C00C161D3 /* Main.storyboard */ = {
			isa = PBXVariantGroup;
			children = (
				B8EC722823E1AE5C00C161D3 /* Base */,
			);
			name = Main.storyboard;
			sourceTree = "<group>";
		};
		B8EC722C23E1AE5D00C161D3 /* LaunchScreen.storyboard */ = {
			isa = PBXVariantGroup;
			children = (
				B8EC722D23E1AE5D00C161D3 /* Base */,
			);
			name = LaunchScreen.storyboard;
			sourceTree = "<group>";
		};
/* End PBXVariantGroup section */

/* Begin XCBuildConfiguration section */
		B8EC724623E1AE5E00C161D3 /* Debug */ = {
			isa = XCBuildConfiguration;
			buildSettings = {
				ALWAYS_SEARCH_USER_PATHS = NO;
				CLANG_ANALYZER_NONNULL = YES;
				CLANG_ANALYZER_NUMBER_OBJECT_CONVERSION = YES_AGGRESSIVE;
				CLANG_CXX_LANGUAGE_STANDARD = "gnu++14";
				CLANG_CXX_LIBRARY = "libc++";
				CLANG_ENABLE_MODULES = YES;
				CLANG_ENABLE_OBJC_ARC = YES;
				CLANG_ENABLE_OBJC_WEAK = YES;
				CLANG_WARN_BLOCK_CAPTURE_AUTORELEASING = YES;
				CLANG_WARN_BOOL_CONVERSION = YES;
				CLANG_WARN_COMMA = YES;
				CLANG_WARN_CONSTANT_CONVERSION = YES;
				CLANG_WARN_DEPRECATED_OBJC_IMPLEMENTATIONS = YES;
				CLANG_WARN_DIRECT_OBJC_ISA_USAGE = YES_ERROR;
				CLANG_WARN_DOCUMENTATION_COMMENTS = YES;
				CLANG_WARN_EMPTY_BODY = YES;
				CLANG_WARN_ENUM_CONVERSION = YES;
				CLANG_WARN_INFINITE_RECURSION = YES;
				CLANG_WARN_INT_CONVERSION = YES;
				CLANG_WARN_NON_LITERAL_NULL_CONVERSION = YES;
				CLANG_WARN_OBJC_IMPLICIT_RETAIN_SELF = YES;
				CLANG_WARN_OBJC_LITERAL_CONVERSION = YES;
				CLANG_WARN_OBJC_ROOT_CLASS = YES_ERROR;
				CLANG_WARN_RANGE_LOOP_ANALYSIS = YES;
				CLANG_WARN_STRICT_PROTOTYPES = YES;
				CLANG_WARN_SUSPICIOUS_MOVE = YES;
				CLANG_WARN_UNGUARDED_AVAILABILITY = YES_AGGRESSIVE;
				CLANG_WARN_UNREACHABLE_CODE = YES;
				CLANG_WARN__DUPLICATE_METHOD_MATCH = YES;
				COPY_PHASE_STRIP = NO;
				DEBUG_INFORMATION_FORMAT = dwarf;
				ENABLE_STRICT_OBJC_MSGSEND = YES;
				ENABLE_TESTABILITY = YES;
				GCC_C_LANGUAGE_STANDARD = gnu11;
				GCC_DYNAMIC_NO_PIC = NO;
				GCC_NO_COMMON_BLOCKS = YES;
				GCC_OPTIMIZATION_LEVEL = 0;
				GCC_PREPROCESSOR_DEFINITIONS = (
					"DEBUG=1",
					"$(inherited)",
				);
				GCC_WARN_64_TO_32_BIT_CONVERSION = YES;
				GCC_WARN_ABOUT_RETURN_TYPE = YES_ERROR;
				GCC_WARN_UNDECLARED_SELECTOR = YES;
				GCC_WARN_UNINITIALIZED_AUTOS = YES_AGGRESSIVE;
				GCC_WARN_UNUSED_FUNCTION = YES;
				GCC_WARN_UNUSED_VARIABLE = YES;
				IPHONEOS_DEPLOYMENT_TARGET = 13.1;
				MTL_ENABLE_DEBUG_INFO = INCLUDE_SOURCE;
				MTL_FAST_MATH = YES;
				ONLY_ACTIVE_ARCH = YES;
				SDKROOT = iphoneos;
				SWIFT_ACTIVE_COMPILATION_CONDITIONS = DEBUG;
				SWIFT_OPTIMIZATION_LEVEL = "-Onone";
			};
			name = Debug;
		};
		B8EC724723E1AE5E00C161D3 /* Release */ = {
			isa = XCBuildConfiguration;
			buildSettings = {
				ALWAYS_SEARCH_USER_PATHS = NO;
				CLANG_ANALYZER_NONNULL = YES;
				CLANG_ANALYZER_NUMBER_OBJECT_CONVERSION = YES_AGGRESSIVE;
				CLANG_CXX_LANGUAGE_STANDARD = "gnu++14";
				CLANG_CXX_LIBRARY = "libc++";
				CLANG_ENABLE_MODULES = YES;
				CLANG_ENABLE_OBJC_ARC = YES;
				CLANG_ENABLE_OBJC_WEAK = YES;
				CLANG_WARN_BLOCK_CAPTURE_AUTORELEASING = YES;
				CLANG_WARN_BOOL_CONVERSION = YES;
				CLANG_WARN_COMMA = YES;
				CLANG_WARN_CONSTANT_CONVERSION = YES;
				CLANG_WARN_DEPRECATED_OBJC_IMPLEMENTATIONS = YES;
				CLANG_WARN_DIRECT_OBJC_ISA_USAGE = YES_ERROR;
				CLANG_WARN_DOCUMENTATION_COMMENTS = YES;
				CLANG_WARN_EMPTY_BODY = YES;
				CLANG_WARN_ENUM_CONVERSION = YES;
				CLANG_WARN_INFINITE_RECURSION = YES;
				CLANG_WARN_INT_CONVERSION = YES;
				CLANG_WARN_NON_LITERAL_NULL_CONVERSION = YES;
				CLANG_WARN_OBJC_IMPLICIT_RETAIN_SELF = YES;
				CLANG_WARN_OBJC_LITERAL_CONVERSION = YES;
				CLANG_WARN_OBJC_ROOT_CLASS = YES_ERROR;
				CLANG_WARN_RANGE_LOOP_ANALYSIS = YES;
				CLANG_WARN_STRICT_PROTOTYPES = YES;
				CLANG_WARN_SUSPICIOUS_MOVE = YES;
				CLANG_WARN_UNGUARDED_AVAILABILITY = YES_AGGRESSIVE;
				CLANG_WARN_UNREACHABLE_CODE = YES;
				CLANG_WARN__DUPLICATE_METHOD_MATCH = YES;
				COPY_PHASE_STRIP = NO;
				DEBUG_INFORMATION_FORMAT = "dwarf-with-dsym";
				ENABLE_NS_ASSERTIONS = NO;
				ENABLE_STRICT_OBJC_MSGSEND = YES;
				GCC_C_LANGUAGE_STANDARD = gnu11;
				GCC_NO_COMMON_BLOCKS = YES;
				GCC_WARN_64_TO_32_BIT_CONVERSION = YES;
				GCC_WARN_ABOUT_RETURN_TYPE = YES_ERROR;
				GCC_WARN_UNDECLARED_SELECTOR = YES;
				GCC_WARN_UNINITIALIZED_AUTOS = YES_AGGRESSIVE;
				GCC_WARN_UNUSED_FUNCTION = YES;
				GCC_WARN_UNUSED_VARIABLE = YES;
				IPHONEOS_DEPLOYMENT_TARGET = 13.1;
				MTL_ENABLE_DEBUG_INFO = NO;
				MTL_FAST_MATH = YES;
				SDKROOT = iphoneos;
				SWIFT_COMPILATION_MODE = wholemodule;
				SWIFT_OPTIMIZATION_LEVEL = "-O";
				VALIDATE_PRODUCT = YES;
			};
			name = Release;
		};
		B8EC724923E1AE5E00C161D3 /* Debug */ = {
			isa = XCBuildConfiguration;
			baseConfigurationReference = 4D411FDA78BE048DAF6B1488 /* Pods-MovieApp.debug.xcconfig */;
			buildSettings = {
				ASSETCATALOG_COMPILER_APPICON_NAME = AppIcon;
				CODE_SIGN_STYLE = Automatic;
				INFOPLIST_FILE = MovieApp/Info.plist;
				LD_RUNPATH_SEARCH_PATHS = (
					"$(inherited)",
					"@executable_path/Frameworks",
				);
				PRODUCT_BUNDLE_IDENTIFIER = Sapient.MovieApp;
				PRODUCT_NAME = "$(TARGET_NAME)";
				SWIFT_VERSION = 5.0;
				TARGETED_DEVICE_FAMILY = "1,2";
			};
			name = Debug;
		};
		B8EC724A23E1AE5E00C161D3 /* Release */ = {
			isa = XCBuildConfiguration;
			baseConfigurationReference = ED4EC785542BE9DDD8DED96B /* Pods-MovieApp.release.xcconfig */;
			buildSettings = {
				ASSETCATALOG_COMPILER_APPICON_NAME = AppIcon;
				CODE_SIGN_STYLE = Automatic;
				INFOPLIST_FILE = MovieApp/Info.plist;
				LD_RUNPATH_SEARCH_PATHS = (
					"$(inherited)",
					"@executable_path/Frameworks",
				);
				PRODUCT_BUNDLE_IDENTIFIER = Sapient.MovieApp;
				PRODUCT_NAME = "$(TARGET_NAME)";
				SWIFT_VERSION = 5.0;
				TARGETED_DEVICE_FAMILY = "1,2";
			};
			name = Release;
		};
		B8EC724C23E1AE5E00C161D3 /* Debug */ = {
			isa = XCBuildConfiguration;
			buildSettings = {
				ALWAYS_EMBED_SWIFT_STANDARD_LIBRARIES = YES;
				BUNDLE_LOADER = "$(TEST_HOST)";
				CODE_SIGN_STYLE = Automatic;
				INFOPLIST_FILE = MovieAppTests/Info.plist;
				IPHONEOS_DEPLOYMENT_TARGET = 13.1;
				LD_RUNPATH_SEARCH_PATHS = (
					"$(inherited)",
					"@executable_path/Frameworks",
					"@loader_path/Frameworks",
				);
				PRODUCT_BUNDLE_IDENTIFIER = Sapient.MovieAppTests;
				PRODUCT_NAME = "$(TARGET_NAME)";
				SWIFT_VERSION = 5.0;
				TARGETED_DEVICE_FAMILY = "1,2";
				TEST_HOST = "$(BUILT_PRODUCTS_DIR)/MovieApp.app/MovieApp";
			};
			name = Debug;
		};
		B8EC724D23E1AE5E00C161D3 /* Release */ = {
			isa = XCBuildConfiguration;
			buildSettings = {
				ALWAYS_EMBED_SWIFT_STANDARD_LIBRARIES = YES;
				BUNDLE_LOADER = "$(TEST_HOST)";
				CODE_SIGN_STYLE = Automatic;
				INFOPLIST_FILE = MovieAppTests/Info.plist;
				IPHONEOS_DEPLOYMENT_TARGET = 13.1;
				LD_RUNPATH_SEARCH_PATHS = (
					"$(inherited)",
					"@executable_path/Frameworks",
					"@loader_path/Frameworks",
				);
				PRODUCT_BUNDLE_IDENTIFIER = Sapient.MovieAppTests;
				PRODUCT_NAME = "$(TARGET_NAME)";
				SWIFT_VERSION = 5.0;
				TARGETED_DEVICE_FAMILY = "1,2";
				TEST_HOST = "$(BUILT_PRODUCTS_DIR)/MovieApp.app/MovieApp";
			};
			name = Release;
		};
		B8EC724F23E1AE5E00C161D3 /* Debug */ = {
			isa = XCBuildConfiguration;
			buildSettings = {
				ALWAYS_EMBED_SWIFT_STANDARD_LIBRARIES = YES;
				CODE_SIGN_STYLE = Automatic;
				INFOPLIST_FILE = MovieAppUITests/Info.plist;
				LD_RUNPATH_SEARCH_PATHS = (
					"$(inherited)",
					"@executable_path/Frameworks",
					"@loader_path/Frameworks",
				);
				PRODUCT_BUNDLE_IDENTIFIER = Sapient.MovieAppUITests;
				PRODUCT_NAME = "$(TARGET_NAME)";
				SWIFT_VERSION = 5.0;
				TARGETED_DEVICE_FAMILY = "1,2";
				TEST_TARGET_NAME = MovieApp;
			};
			name = Debug;
		};
		B8EC725023E1AE5E00C161D3 /* Release */ = {
			isa = XCBuildConfiguration;
			buildSettings = {
				ALWAYS_EMBED_SWIFT_STANDARD_LIBRARIES = YES;
				CODE_SIGN_STYLE = Automatic;
				INFOPLIST_FILE = MovieAppUITests/Info.plist;
				LD_RUNPATH_SEARCH_PATHS = (
					"$(inherited)",
					"@executable_path/Frameworks",
					"@loader_path/Frameworks",
				);
				PRODUCT_BUNDLE_IDENTIFIER = Sapient.MovieAppUITests;
				PRODUCT_NAME = "$(TARGET_NAME)";
				SWIFT_VERSION = 5.0;
				TARGETED_DEVICE_FAMILY = "1,2";
				TEST_TARGET_NAME = MovieApp;
			};
			name = Release;
		};
/* End XCBuildConfiguration section */

/* Begin XCConfigurationList section */
		B8EC721923E1AE5C00C161D3 /* Build configuration list for PBXProject "MovieApp" */ = {
			isa = XCConfigurationList;
			buildConfigurations = (
				B8EC724623E1AE5E00C161D3 /* Debug */,
				B8EC724723E1AE5E00C161D3 /* Release */,
			);
			defaultConfigurationIsVisible = 0;
			defaultConfigurationName = Release;
		};
		B8EC724823E1AE5E00C161D3 /* Build configuration list for PBXNativeTarget "MovieApp" */ = {
			isa = XCConfigurationList;
			buildConfigurations = (
				B8EC724923E1AE5E00C161D3 /* Debug */,
				B8EC724A23E1AE5E00C161D3 /* Release */,
			);
			defaultConfigurationIsVisible = 0;
			defaultConfigurationName = Release;
		};
		B8EC724B23E1AE5E00C161D3 /* Build configuration list for PBXNativeTarget "MovieAppTests" */ = {
			isa = XCConfigurationList;
			buildConfigurations = (
				B8EC724C23E1AE5E00C161D3 /* Debug */,
				B8EC724D23E1AE5E00C161D3 /* Release */,
			);
			defaultConfigurationIsVisible = 0;
			defaultConfigurationName = Release;
		};
		B8EC724E23E1AE5E00C161D3 /* Build configuration list for PBXNativeTarget "MovieAppUITests" */ = {
			isa = XCConfigurationList;
			buildConfigurations = (
				B8EC724F23E1AE5E00C161D3 /* Debug */,
				B8EC725023E1AE5E00C161D3 /* Release */,
			);
			defaultConfigurationIsVisible = 0;
			defaultConfigurationName = Release;
		};
/* End XCConfigurationList section */
	};
	rootObject = B8EC721623E1AE5C00C161D3 /* Project object */;
}
